
Microsoft Visual Studio Solution File, Format Version 12.00
# Visual Studio 15
VisualStudioVersion = 15.0.28307.489
MinimumVisualStudioVersion = 10.0.40219.1
Project("{FAE04EC0-301F-11D3-BF4B-00C04F79EFBC}") = "Ventanas", "Ventanas\Ventanas.csproj", "{DBFB25BB-F44A-4A91-808A-4729BE7177F2}"
EndProject
Global
	GlobalSection(SolutionConfigurationPlatforms) = preSolution
		Debug|Any CPU = Debug|Any CPU
		Release|Any CPU = Release|Any CPU
	EndGlobalSection
	GlobalSection(ProjectConfigurationPlatforms) = postSolution
		{DBFB25BB-F44A-4A91-808A-4729BE7177F2}.Debug|Any CPU.ActiveCfg = Debug|Any CPU
		{DBFB25BB-F44A-4A91-808A-4729BE7177F2}.Debug|Any CPU.Build.0 = Debug|Any CPU
		{DBFB25BB-F44A-4A91-808A-4729BE7177F2}.Release|Any CPU.ActiveCfg = Release|Any CPU
		{DBFB25BB-F44A-4A91-808A-4729BE7177F2}.Release|Any CPU.Build.0 = Release|Any CPU
	EndGlobalSection
	GlobalSection(SolutionProperties) = preSolution
		HideSolutionNode = FALSE
	EndGlobalSection
	GlobalSection(ExtensibilityGlobals) = postSolution
		SolutionGuid = {23E1CB51-BE64-4567-8F00-7A72156258C9}
	EndGlobalSection
EndGlobal
